// !$*UTF8*$!
{
	archiveVersion = 1;
	classes = {
	};
	objectVersion = 48;
	objects = {

/* Begin PBXBuildFile section */
		F96259991FBA905E00441E44 /* AppDelegate.m in Sources */ = {isa = PBXBuildFile; fileRef = F96259981FBA905E00441E44 /* AppDelegate.m */; };
		F962599C1FBA905E00441E44 /* ViewController.m in Sources */ = {isa = PBXBuildFile; fileRef = F962599B1FBA905E00441E44 /* ViewController.m */; };
		F962599F1FBA905E00441E44 /* Main.storyboard in Resources */ = {isa = PBXBuildFile; fileRef = F962599D1FBA905E00441E44 /* Main.storyboard */; };
		F96259A11FBA905E00441E44 /* Assets.xcassets in Resources */ = {isa = PBXBuildFile; fileRef = F96259A01FBA905E00441E44 /* Assets.xcassets */; };
		F96259A71FBA905E00441E44 /* main.m in Sources */ = {isa = PBXBuildFile; fileRef = F96259A61FBA905E00441E44 /* main.m */; };
		F96259B01FBA9C1200441E44 /* DetailViewController.m in Sources */ = {isa = PBXBuildFile; fileRef = F96259AE1FBA9C1200441E44 /* DetailViewController.m */; };
		F96259B11FBA9C1200441E44 /* DetailViewController.xib in Resources */ = {isa = PBXBuildFile; fileRef = F96259AF1FBA9C1200441E44 /* DetailViewController.xib */; };
/* End PBXBuildFile section */

/* Begin PBXFileReference section */
		F96259941FBA905E00441E44 /* 字体库.app */ = {isa = PBXFileReference; explicitFileType = wrapper.application; includeInIndex = 0; path = "字体库.app"; sourceTree = BUILT_PRODUCTS_DIR; };
		F96259971FBA905E00441E44 /* AppDelegate.h */ = {isa = PBXFileReference; lastKnownFileType = sourcecode.c.h; path = AppDelegate.h; sourceTree = "<group>"; };
		F96259981FBA905E00441E44 /* AppDelegate.m */ = {isa = PBXFileReference; lastKnownFileType = sourcecode.c.objc; path = AppDelegate.m; sourceTree = "<group>"; };
		F962599A1FBA905E00441E44 /* ViewController.h */ = {isa = PBXFileReference; lastKnownFileType = sourcecode.c.h; path = ViewController.h; sourceTree = "<group>"; };
		F962599B1FBA905E00441E44 /* ViewController.m */ = {isa = PBXFileReference; lastKnownFileType = sourcecode.c.objc; path = ViewController.m; sourceTree = "<group>"; };
		F962599E1FBA905E00441E44 /* Base */ = {isa = PBXFileReference; lastKnownFileType = file.storyboard; name = Base; path = Base.lproj/Main.storyboard; sourceTree = "<group>"; };
		F96259A01FBA905E00441E44 /* Assets.xcassets */ = {isa = PBXFileReference; lastKnownFileType = folder.assetcatalog; path = Assets.xcassets; sourceTree = "<group>"; };
		F96259A51FBA905E00441E44 /* Info.plist */ = {isa = PBXFileReference; lastKnownFileType = text.plist.xml; path = Info.plist; sourceTree = "<group>"; };
		F96259A61FBA905E00441E44 /* main.m */ = {isa = PBXFileReference; lastKnownFileType = sourcecode.c.objc; path = main.m; sourceTree = "<group>"; };
		F96259AD1FBA9C1200441E44 /* DetailViewController.h */ = {isa = PBXFileReference; lastKnownFileType = sourcecode.c.h; path = DetailViewController.h; sourceTree = "<group>"; };
		F96259AE1FBA9C1200441E44 /* DetailViewController.m */ = {isa = PBXFileReference; lastKnownFileType = sourcecode.c.objc; path = DetailViewController.m; sourceTree = "<group>"; };
		F96259AF1FBA9C1200441E44 /* DetailViewController.xib */ = {isa = PBXFileReference; lastKnownFileType = file.xib; path = DetailViewController.xib; sourceTree = "<group>"; };
/* End PBXFileReference section */

/* Begin PBXFrameworksBuildPhase section */
		F96259911FBA905E00441E44 /* Frameworks */ = {
			isa = PBXFrameworksBuildPhase;
			buildActionMask = 2147483647;
			files = (
			);
			runOnlyForDeploymentPostprocessing = 0;
		};
/* End PBXFrameworksBuildPhase section */

/* Begin PBXGroup section */
		F962598B1FBA905E00441E44 = {
			isa = PBXGroup;
			children = (
				F96259961FBA905E00441E44 /* 字体库 */,
				F96259951FBA905E00441E44 /* Products */,
			);
			sourceTree = "<group>";
		};
		F96259951FBA905E00441E44 /* Products */ = {
			isa = PBXGroup;
			children = (
				F96259941FBA905E00441E44 /* 字体库.app */,
			);
			name = Products;
			sourceTree = "<group>";
		};
		F96259961FBA905E00441E44 /* 字体库 */ = {
			isa = PBXGroup;
			children = (
				F96259971FBA905E00441E44 /* AppDelegate.h */,
				F96259981FBA905E00441E44 /* AppDelegate.m */,
				F962599A1FBA905E00441E44 /* ViewController.h */,
				F962599B1FBA905E00441E44 /* ViewController.m */,
				F96259AD1FBA9C1200441E44 /* DetailViewController.h */,
				F96259AE1FBA9C1200441E44 /* DetailViewController.m */,
				F96259AF1FBA9C1200441E44 /* DetailViewController.xib */,
				F962599D1FBA905E00441E44 /* Main.storyboard */,
				F96259A01FBA905E00441E44 /* Assets.xcassets */,
				F96259A51FBA905E00441E44 /* Info.plist */,
				F96259A61FBA905E00441E44 /* main.m */,
			);
			path = "字体库";
			sourceTree = "<group>";
		};
/* End PBXGroup section */

/* Begin PBXNativeTarget section */
		F96259931FBA905E00441E44 /* 字体库 */ = {
			isa = PBXNativeTarget;
			buildConfigurationList = F96259AA1FBA905E00441E44 /* Build configuration list for PBXNativeTarget "字体库" */;
			buildPhases = (
				F96259901FBA905E00441E44 /* Sources */,
				F96259911FBA905E00441E44 /* Frameworks */,
				F96259921FBA905E00441E44 /* Resources */,
			);
			buildRules = (
			);
			dependencies = (
			);
			name = "字体库";
			productName = "字体库";
			productReference = F96259941FBA905E00441E44 /* 字体库.app */;
			productType = "com.apple.product-type.application";
		};
/* End PBXNativeTarget section */

/* Begin PBXProject section */
		F962598C1FBA905E00441E44 /* Project object */ = {
			isa = PBXProject;
			attributes = {
				LastUpgradeCheck = 0910;
				ORGANIZATIONNAME = iSong;
				TargetAttributes = {
					F96259931FBA905E00441E44 = {
						CreatedOnToolsVersion = 9.1;
						ProvisioningStyle = Automatic;
					};
				};
			};
			buildConfigurationList = F962598F1FBA905E00441E44 /* Build configuration list for PBXProject "字体库" */;
			compatibilityVersion = "Xcode 8.0";
			developmentRegion = en;
			hasScannedForEncodings = 0;
			knownRegions = (
				en,
				Base,
			);
			mainGroup = F962598B1FBA905E00441E44;
			productRefGroup = F96259951FBA905E00441E44 /* Products */;
			projectDirPath = "";
			projectRoot = "";
			targets = (
				F96259931FBA905E00441E44 /* 字体库 */,
			);
		};
/* End PBXProject section */

/* Begin PBXResourcesBuildPhase section */
		F96259921FBA905E00441E44 /* Resources */ = {
			isa = PBXResourcesBuildPhase;
			buildActionMask = 2147483647;
			files = (
				F96259A11FBA905E00441E44 /* Assets.xcassets in Resources */,
				F962599F1FBA905E00441E44 /* Main.storyboard in Resources */,
				F96259B11FBA9C1200441E44 /* DetailViewController.xib in Resources */,
			);
			runOnlyForDeploymentPostprocessing = 0;
		};
/* End PBXResourcesBuildPhase section */

/* Begin PBXSourcesBuildPhase section */
		F96259901FBA905E00441E44 /* Sources */ = {
			isa = PBXSourcesBuildPhase;
			buildActionMask = 2147483647;
			files = (
				F962599C1FBA905E00441E44 /* ViewController.m in Sources */,
				F96259A71FBA905E00441E44 /* main.m in Sources */,
				F96259991FBA905E00441E44 /* AppDelegate.m in Sources */,
				F96259B01FBA9C1200441E44 /* DetailViewController.m in Sources */,
			);
			runOnlyForDeploymentPostprocessing = 0;
		};
/* End PBXSourcesBuildPhase section */

/* Begin PBXVariantGroup section */
		F962599D1FBA905E00441E44 /* Main.storyboard */ = {
			isa = PBXVariantGroup;
			children = (
				F962599E1FBA905E00441E44 /* Base */,
			);
			name = Main.storyboard;
			sourceTree = "<group>";
		};
/* End PBXVariantGroup section */

/* Begin XCBuildConfiguration section */
		F96259A81FBA905E00441E44 /* Debug */ = {
			isa = XCBuildConfiguration;
			buildSettings = {
				ALWAYS_SEARCH_USER_PATHS = NO;
				CLANG_ANALYZER_NONNULL = YES;
				CLANG_ANALYZER_NUMBER_OBJECT_CONVERSION = YES_AGGRESSIVE;
				CLANG_CXX_LANGUAGE_STANDARD = "gnu++14";
				CLANG_CXX_LIBRARY = "libc++";
				CLANG_ENABLE_MODULES = YES;
				CLANG_ENABLE_OBJC_ARC = YES;
				CLANG_WARN_BLOCK_CAPTURE_AUTORELEASING = YES;
				CLANG_WARN_BOOL_CONVERSION = YES;
				CLANG_WARN_COMMA = YES;
				CLANG_WARN_CONSTANT_CONVERSION = YES;
				CLANG_WARN_DIRECT_OBJC_ISA_USAGE = YES_ERROR;
				CLANG_WARN_DOCUMENTATION_COMMENTS = YES;
				CLANG_WARN_EMPTY_BODY = YES;
				CLANG_WARN_ENUM_CONVERSION = YES;
				CLANG_WARN_INFINITE_RECURSION = YES;
				CLANG_WARN_INT_CONVERSION = YES;
				CLANG_WARN_NON_LITERAL_NULL_CONVERSION = YES;
				CLANG_WARN_OBJC_LITERAL_CONVERSION = YES;
				CLANG_WARN_OBJC_ROOT_CLASS = YES_ERROR;
				CLANG_WARN_RANGE_LOOP_ANALYSIS = YES;
				CLANG_WARN_STRICT_PROTOTYPES = YES;
				CLANG_WARN_SUSPICIOUS_MOVE = YES;
				CLANG_WARN_UNGUARDED_AVAILABILITY = YES_AGGRESSIVE;
				CLANG_WARN_UNREACHABLE_CODE = YES;
				CLANG_WARN__DUPLICATE_METHOD_MATCH = YES;
				CODE_SIGN_IDENTITY = "iPhone Developer";
				COPY_PHASE_STRIP = NO;
				DEBUG_INFORMATION_FORMAT = dwarf;
				ENABLE_STRICT_OBJC_MSGSEND = YES;
				ENABLE_TESTABILITY = YES;
				GCC_C_LANGUAGE_STANDARD = gnu11;
				GCC_DYNAMIC_NO_PIC = NO;
				GCC_NO_COMMON_BLOCKS = YES;
				GCC_OPTIMIZATION_LEVEL = 0;
				GCC_PREPROCESSOR_DEFINITIONS = (
					"DEBUG=1",
					"$(inherited)",
				);
				GCC_WARN_64_TO_32_BIT_CONVERSION = YES;
				GCC_WARN_ABOUT_RETURN_TYPE = YES_ERROR;
				GCC_WARN_UNDECLARED_SELECTOR = YES;
				GCC_WARN_UNINITIALIZED_AUTOS = YES_AGGRESSIVE;
				GCC_WARN_UNUSED_FUNCTION = YES;
				GCC_WARN_UNUSED_VARIABLE = YES;
				IPHONEOS_DEPLOYMENT_TARGET = 11.1;
				MTL_ENABLE_DEBUG_INFO = YES;
				ONLY_ACTIVE_ARCH = YES;
				SDKROOT = iphoneos;
			};
			name = Debug;
		};
		F96259A91FBA905E00441E44 /* Release */ = {
			isa = XCBuildConfiguration;
			buildSettings = {
				ALWAYS_SEARCH_USER_PATHS = NO;
				CLANG_ANALYZER_NONNULL = YES;
				CLANG_ANALYZER_NUMBER_OBJECT_CONVERSION = YES_AGGRESSIVE;
				CLANG_CXX_LANGUAGE_STANDARD = "gnu++14";
				CLANG_CXX_LIBRARY = "libc++";
				CLANG_ENABLE_MODULES = YES;
				CLANG_ENABLE_OBJC_ARC = YES;
				CLANG_WARN_BLOCK_CAPTURE_AUTORELEASING = YES;
				CLANG_WARN_BOOL_CONVERSION = YES;
				CLANG_WARN_COMMA = YES;
				CLANG_WARN_CONSTANT_CONVERSION = YES;
				CLANG_WARN_DIRECT_OBJC_ISA_USAGE = YES_ERROR;
				CLANG_WARN_DOCUMENTATION_COMMENTS = YES;
				CLANG_WARN_EMPTY_BODY = YES;
				CLANG_WARN_ENUM_CONVERSION = YES;
				CLANG_WARN_INFINITE_RECURSION = YES;
				CLANG_WARN_INT_CONVERSION = YES;
				CLANG_WARN_NON_LITERAL_NULL_CONVERSION = YES;
				CLANG_WARN_OBJC_LITERAL_CONVERSION = YES;
				CLANG_WARN_OBJC_ROOT_CLASS = YES_ERROR;
				CLANG_WARN_RANGE_LOOP_ANALYSIS = YES;
				CLANG_WARN_STRICT_PROTOTYPES = YES;
				CLANG_WARN_SUSPICIOUS_MOVE = YES;
				CLANG_WARN_UNGUARDED_AVAILABILITY = YES_AGGRESSIVE;
				CLANG_WARN_UNREACHABLE_CODE = YES;
				CLANG_WARN__DUPLICATE_METHOD_MATCH = YES;
				CODE_SIGN_IDENTITY = "iPhone Developer";
				COPY_PHASE_STRIP = NO;
				DEBUG_INFORMATION_FORMAT = "dwarf-with-dsym";
				ENABLE_NS_ASSERTIONS = NO;
				ENABLE_STRICT_OBJC_MSGSEND = YES;
				GCC_C_LANGUAGE_STANDARD = gnu11;
				GCC_NO_COMMON_BLOCKS = YES;
				GCC_WARN_64_TO_32_BIT_CONVERSION = YES;
				GCC_WARN_ABOUT_RETURN_TYPE = YES_ERROR;
				GCC_WARN_UNDECLARED_SELECTOR = YES;
				GCC_WARN_UNINITIALIZED_AUTOS = YES_AGGRESSIVE;
				GCC_WARN_UNUSED_FUNCTION = YES;
				GCC_WARN_UNUSED_VARIABLE = YES;
				IPHONEOS_DEPLOYMENT_TARGET = 11.1;
				MTL_ENABLE_DEBUG_INFO = NO;
				SDKROOT = iphoneos;
				VALIDATE_PRODUCT = YES;
			};
			name = Release;
		};
		F96259AB1FBA905E00441E44 /* Debug */ = {
			isa = XCBuildConfiguration;
			buildSettings = {
				ASSETCATALOG_COMPILER_APPICON_NAME = AppIcon;
				CODE_SIGN_STYLE = Automatic;
				DEVELOPMENT_TEAM = MHN2XFC72U;
				INFOPLIST_FILE = "字体库/Info.plist";
				IPHONEOS_DEPLOYMENT_TARGET = 8.0;
				LD_RUNPATH_SEARCH_PATHS = "$(inherited) @executable_path/Frameworks";
				PRODUCT_BUNDLE_IDENTIFIER = com.zsw.sw;
				PRODUCT_NAME = "$(TARGET_NAME)";
				TARGETED_DEVICE_FAMILY = "1,2";
			};
			name = Debug;
		};
		F96259AC1FBA905E00441E44 /* Release */ = {
			isa = XCBuildConfiguration;
			buildSettings = {
				ASSETCATALOG_COMPILER_APPICON_NAME = AppIcon;
				CODE_SIGN_STYLE = Automatic;
				DEVELOPMENT_TEAM = MHN2XFC72U;
				INFOPLIST_FILE = "字体库/Info.plist";
				IPHONEOS_DEPLOYMENT_TARGET = 8.0;
				LD_RUNPATH_SEARCH_PATHS = "$(inherited) @executable_path/Frameworks";
				PRODUCT_BUNDLE_IDENTIFIER = com.zsw.sw;
				PRODUCT_NAME = "$(TARGET_NAME)";
				TARGETED_DEVICE_FAMILY = "1,2";
			};
			name = Release;
		};
/* End XCBuildConfiguration section */

/* Begin XCConfigurationList section */
		F962598F1FBA905E00441E44 /* Build configuration list for PBXProject "字体库" */ = {
			isa = XCConfigurationList;
			buildConfigurations = (
				F96259A81FBA905E00441E44 /* Debug */,
				F96259A91FBA905E00441E44 /* Release */,
			);
			defaultConfigurationIsVisible = 0;
			defaultConfigurationName = Release;
		};
		F96259AA1FBA905E00441E44 /* Build configuration list for PBXNativeTarget "字体库" */ = {
			isa = XCConfigurationList;
			buildConfigurations = (
				F96259AB1FBA905E00441E44 /* Debug */,
				F96259AC1FBA905E00441E44 /* Release */,
			);
			defaultConfigurationIsVisible = 0;
			defaultConfigurationName = Release;
		};
/* End XCConfigurationList section */
	};
	rootObject = F962598C1FBA905E00441E44 /* Project object */;
}
